// !$*UTF8*$!
{
	archiveVersion = 1;
	classes = {
	};
	objectVersion = 56;
	objects = {

/* Begin PBXBuildFile section */
		3B1890D22B888C34005D3FE9 /* firebase_tes1109App.swift in Sources */ = {isa = PBXBuildFile; fileRef = 3B1890D12B888C34005D3FE9 /* firebase_tes1109App.swift */; };
		3B1890D42B888C34005D3FE9 /* ContentView.swift in Sources */ = {isa = PBXBuildFile; fileRef = 3B1890D32B888C34005D3FE9 /* ContentView.swift */; };
		3B1890D62B888C35005D3FE9 /* Assets.xcassets in Resources */ = {isa = PBXBuildFile; fileRef = 3B1890D52B888C35005D3FE9 /* Assets.xcassets */; };
		3B1890D92B888C35005D3FE9 /* Preview Assets.xcassets in Resources */ = {isa = PBXBuildFile; fileRef = 3B1890D82B888C35005D3FE9 /* Preview Assets.xcassets */; };
		3B35306E2B88976B005D5379 /* EntryAuthView.swift in Sources */ = {isa = PBXBuildFile; fileRef = 3B35306D2B88976B005D5379 /* EntryAuthView.swift */; };
		3B3530702B88A060005D5379 /* GoogleService-Info.plist in Resources */ = {isa = PBXBuildFile; fileRef = 3B35306F2B88A060005D5379 /* GoogleService-Info.plist */; };
		3B3530722B88A59B005D5379 /* LoginAuthView.swift in Sources */ = {isa = PBXBuildFile; fileRef = 3B3530712B88A59B005D5379 /* LoginAuthView.swift */; };
		58971196DDFCF7245215CEF1 /* Pods_firebase_tes1109.framework in Frameworks */ = {isa = PBXBuildFile; fileRef = 320E17315CFDE4658732187A /* Pods_firebase_tes1109.framework */; };
/* End PBXBuildFile section */

/* Begin PBXFileReference section */
		320E17315CFDE4658732187A /* Pods_firebase_tes1109.framework */ = {isa = PBXFileReference; explicitFileType = wrapper.framework; includeInIndex = 0; path = Pods_firebase_tes1109.framework; sourceTree = BUILT_PRODUCTS_DIR; };
		3B1890CE2B888C34005D3FE9 /* firebase-tes1109.app */ = {isa = PBXFileReference; explicitFileType = wrapper.application; includeInIndex = 0; path = "firebase-tes1109.app"; sourceTree = BUILT_PRODUCTS_DIR; };
		3B1890D12B888C34005D3FE9 /* firebase_tes1109App.swift */ = {isa = PBXFileReference; lastKnownFileType = sourcecode.swift; path = firebase_tes1109App.swift; sourceTree = "<group>"; };
		3B1890D32B888C34005D3FE9 /* ContentView.swift */ = {isa = PBXFileReference; lastKnownFileType = sourcecode.swift; path = ContentView.swift; sourceTree = "<group>"; };
		3B1890D52B888C35005D3FE9 /* Assets.xcassets */ = {isa = PBXFileReference; lastKnownFileType = folder.assetcatalog; path = Assets.xcassets; sourceTree = "<group>"; };
		3B1890D82B888C35005D3FE9 /* Preview Assets.xcassets */ = {isa = PBXFileReference; lastKnownFileType = folder.assetcatalog; path = "Preview Assets.xcassets"; sourceTree = "<group>"; };
		3B35306D2B88976B005D5379 /* EntryAuthView.swift */ = {isa = PBXFileReference; lastKnownFileType = sourcecode.swift; path = EntryAuthView.swift; sourceTree = "<group>"; };
		3B35306F2B88A060005D5379 /* GoogleService-Info.plist */ = {isa = PBXFileReference; fileEncoding = 4; lastKnownFileType = text.plist.xml; path = "GoogleService-Info.plist"; sourceTree = "<group>"; };
		3B3530712B88A59B005D5379 /* LoginAuthView.swift */ = {isa = PBXFileReference; lastKnownFileType = sourcecode.swift; path = LoginAuthView.swift; sourceTree = "<group>"; };
		9C25932F1B667C27A8457D32 /* Pods-firebase-tes1109.release.xcconfig */ = {isa = PBXFileReference; includeInIndex = 1; lastKnownFileType = text.xcconfig; name = "Pods-firebase-tes1109.release.xcconfig"; path = "Target Support Files/Pods-firebase-tes1109/Pods-firebase-tes1109.release.xcconfig"; sourceTree = "<group>"; };
		FA964F58498B4808545C3814 /* Pods-firebase-tes1109.debug.xcconfig */ = {isa = PBXFileReference; includeInIndex = 1; lastKnownFileType = text.xcconfig; name = "Pods-firebase-tes1109.debug.xcconfig"; path = "Target Support Files/Pods-firebase-tes1109/Pods-firebase-tes1109.debug.xcconfig"; sourceTree = "<group>"; };
/* End PBXFileReference section */

/* Begin PBXFrameworksBuildPhase section */
		3B1890CB2B888C34005D3FE9 /* Frameworks */ = {
			isa = PBXFrameworksBuildPhase;
			buildActionMask = 2147483647;
			files = (
				58971196DDFCF7245215CEF1 /* Pods_firebase_tes1109.framework in Frameworks */,
			);
			runOnlyForDeploymentPostprocessing = 0;
		};
/* End PBXFrameworksBuildPhase section */

/* Begin PBXGroup section */
		2D7194B6611D70E5FD88499D /* Pods */ = {
			isa = PBXGroup;
			children = (
				FA964F58498B4808545C3814 /* Pods-firebase-tes1109.debug.xcconfig */,
				9C25932F1B667C27A8457D32 /* Pods-firebase-tes1109.release.xcconfig */,
			);
			path = Pods;
			sourceTree = "<group>";
		};
		3B1890C52B888C34005D3FE9 = {
			isa = PBXGroup;
			children = (
				3B1890D02B888C34005D3FE9 /* firebase-tes1109 */,
				3B1890CF2B888C34005D3FE9 /* Products */,
				2D7194B6611D70E5FD88499D /* Pods */,
				AE42AA8644880B92AC765313 /* Frameworks */,
			);
			sourceTree = "<group>";
		};
		3B1890CF2B888C34005D3FE9 /* Products */ = {
			isa = PBXGroup;
			children = (
				3B1890CE2B888C34005D3FE9 /* firebase-tes1109.app */,
			);
			name = Products;
			sourceTree = "<group>";
		};
		3B1890D02B888C34005D3FE9 /* firebase-tes1109 */ = {
			isa = PBXGroup;
			children = (
				3B1890D12B888C34005D3FE9 /* firebase_tes1109App.swift */,
				3B35306F2B88A060005D5379 /* GoogleService-Info.plist */,
				3B35306D2B88976B005D5379 /* EntryAuthView.swift */,
				3B1890D32B888C34005D3FE9 /* ContentView.swift */,
				3B3530712B88A59B005D5379 /* LoginAuthView.swift */,
				3B1890D52B888C35005D3FE9 /* Assets.xcassets */,
				3B1890D72B888C35005D3FE9 /* Preview Content */,
			);
			path = "firebase-tes1109";
			sourceTree = "<group>";
		};
		3B1890D72B888C35005D3FE9 /* Preview Content */ = {
			isa = PBXGroup;
			children = (
				3B1890D82B888C35005D3FE9 /* Preview Assets.xcassets */,
			);
			path = "Preview Content";
			sourceTree = "<group>";
		};
		AE42AA8644880B92AC765313 /* Frameworks */ = {
			isa = PBXGroup;
			children = (
				320E17315CFDE4658732187A /* Pods_firebase_tes1109.framework */,
			);
			name = Frameworks;
			sourceTree = "<group>";
		};
/* End PBXGroup section */

/* Begin PBXNativeTarget section */
		3B1890CD2B888C34005D3FE9 /* firebase-tes1109 */ = {
			isa = PBXNativeTarget;
			buildConfigurationList = 3B1890DC2B888C35005D3FE9 /* Build configuration list for PBXNativeTarget "firebase-tes1109" */;
			buildPhases = (
				DF1FECE01BF78C578C3B5D68 /* [CP] Check Pods Manifest.lock */,
				3B1890CA2B888C34005D3FE9 /* Sources */,
				3B1890CB2B888C34005D3FE9 /* Frameworks */,
				3B1890CC2B888C34005D3FE9 /* Resources */,
				172DD0B502430BC2C3462008 /* [CP] Embed Pods Frameworks */,
			);
			buildRules = (
			);
			dependencies = (
			);
			name = "firebase-tes1109";
			productName = "firebase-tes1109";
			productReference = 3B1890CE2B888C34005D3FE9 /* firebase-tes1109.app */;
			productType = "com.apple.product-type.application";
		};
/* End PBXNativeTarget section */

/* Begin PBXProject section */
		3B1890C62B888C34005D3FE9 /* Project object */ = {
			isa = PBXProject;
			attributes = {
				BuildIndependentTargetsInParallel = 1;
				LastSwiftUpdateCheck = 1500;
				LastUpgradeCheck = 1500;
				TargetAttributes = {
					3B1890CD2B888C34005D3FE9 = {
						CreatedOnToolsVersion = 15.0.1;
					};
				};
			};
			buildConfigurationList = 3B1890C92B888C34005D3FE9 /* Build configuration list for PBXProject "firebase-tes1109" */;
			compatibilityVersion = "Xcode 14.0";
			developmentRegion = en;
			hasScannedForEncodings = 0;
			knownRegions = (
				en,
				Base,
			);
			mainGroup = 3B1890C52B888C34005D3FE9;
			productRefGroup = 3B1890CF2B888C34005D3FE9 /* Products */;
			projectDirPath = "";
			projectRoot = "";
			targets = (
				3B1890CD2B888C34005D3FE9 /* firebase-tes1109 */,
			);
		};
/* End PBXProject section */

/* Begin PBXResourcesBuildPhase section */
		3B1890CC2B888C34005D3FE9 /* Resources */ = {
			isa = PBXResourcesBuildPhase;
			buildActionMask = 2147483647;
			files = (
				3B1890D92B888C35005D3FE9 /* Preview Assets.xcassets in Resources */,
				3B1890D62B888C35005D3FE9 /* Assets.xcassets in Resources */,
				3B3530702B88A060005D5379 /* GoogleService-Info.plist in Resources */,
			);
			runOnlyForDeploymentPostprocessing = 0;
		};
/* End PBXResourcesBuildPhase section */

/* Begin PBXShellScriptBuildPhase section */
		172DD0B502430BC2C3462008 /* [CP] Embed Pods Frameworks */ = {
			isa = PBXShellScriptBuildPhase;
			buildActionMask = 2147483647;
			files = (
			);
			inputFileListPaths = (
				"${PODS_ROOT}/Target Support Files/Pods-firebase-tes1109/Pods-firebase-tes1109-frameworks-${CONFIGURATION}-input-files.xcfilelist",
			);
			name = "[CP] Embed Pods Frameworks";
			outputFileListPaths = (
				"${PODS_ROOT}/Target Support Files/Pods-firebase-tes1109/Pods-firebase-tes1109-frameworks-${CONFIGURATION}-output-files.xcfilelist",
			);
			runOnlyForDeploymentPostprocessing = 0;
			shellPath = /bin/sh;
			shellScript = "\"${PODS_ROOT}/Target Support Files/Pods-firebase-tes1109/Pods-firebase-tes1109-frameworks.sh\"\n";
			showEnvVarsInLog = 0;
		};
		DF1FECE01BF78C578C3B5D68 /* [CP] Check Pods Manifest.lock */ = {
			isa = PBXShellScriptBuildPhase;
			buildActionMask = 2147483647;
			files = (
			);
			inputFileListPaths = (
			);
			inputPaths = (
				"${PODS_PODFILE_DIR_PATH}/Podfile.lock",
				"${PODS_ROOT}/Manifest.lock",
			);
			name = "[CP] Check Pods Manifest.lock";
			outputFileListPaths = (
			);
			outputPaths = (
				"$(DERIVED_FILE_DIR)/Pods-firebase-tes1109-checkManifestLockResult.txt",
			);
			runOnlyForDeploymentPostprocessing = 0;
			shellPath = /bin/sh;
			shellScript = "diff \"${PODS_PODFILE_DIR_PATH}/Podfile.lock\" \"${PODS_ROOT}/Manifest.lock\" > /dev/null\nif [ $? != 0 ] ; then\n    # print error to STDERR\n    echo \"error: The sandbox is not in sync with the Podfile.lock. Run 'pod install' or update your CocoaPods installation.\" >&2\n    exit 1\nfi\n# This output is used by Xcode 'outputs' to avoid re-running this script phase.\necho \"SUCCESS\" > \"${SCRIPT_OUTPUT_FILE_0}\"\n";
			showEnvVarsInLog = 0;
		};
/* End PBXShellScriptBuildPhase section */

/* Begin PBXSourcesBuildPhase section */
		3B1890CA2B888C34005D3FE9 /* Sources */ = {
			isa = PBXSourcesBuildPhase;
			buildActionMask = 2147483647;
			files = (
				3B3530722B88A59B005D5379 /* LoginAuthView.swift in Sources */,
				3B35306E2B88976B005D5379 /* EntryAuthView.swift in Sources */,
				3B1890D42B888C34005D3FE9 /* ContentView.swift in Sources */,
				3B1890D22B888C34005D3FE9 /* firebase_tes1109App.swift in Sources */,
			);
			runOnlyForDeploymentPostprocessing = 0;
		};
/* End PBXSourcesBuildPhase section */

/* Begin XCBuildConfiguration section */
		3B1890DA2B888C35005D3FE9 /* Debug */ = {
			isa = XCBuildConfiguration;
			buildSettings = {
				ALWAYS_SEARCH_USER_PATHS = NO;
				ASSETCATALOG_COMPILER_GENERATE_SWIFT_ASSET_SYMBOL_EXTENSIONS = YES;
				CLANG_ANALYZER_NONNULL = YES;
				CLANG_ANALYZER_NUMBER_OBJECT_CONVERSION = YES_AGGRESSIVE;
				CLANG_CXX_LANGUAGE_STANDARD = "gnu++20";
				CLANG_ENABLE_MODULES = YES;
				CLANG_ENABLE_OBJC_ARC = YES;
				CLANG_ENABLE_OBJC_WEAK = YES;
				CLANG_WARN_BLOCK_CAPTURE_AUTORELEASING = YES;
				CLANG_WARN_BOOL_CONVERSION = YES;
				CLANG_WARN_COMMA = YES;
				CLANG_WARN_CONSTANT_CONVERSION = YES;
				CLANG_WARN_DEPRECATED_OBJC_IMPLEMENTATIONS = YES;
				CLANG_WARN_DIRECT_OBJC_ISA_USAGE = YES_ERROR;
				CLANG_WARN_DOCUMENTATION_COMMENTS = YES;
				CLANG_WARN_EMPTY_BODY = YES;
				CLANG_WARN_ENUM_CONVERSION = YES;
				CLANG_WARN_INFINITE_RECURSION = YES;
				CLANG_WARN_INT_CONVERSION = YES;
				CLANG_WARN_NON_LITERAL_NULL_CONVERSION = YES;
				CLANG_WARN_OBJC_IMPLICIT_RETAIN_SELF = YES;
				CLANG_WARN_OBJC_LITERAL_CONVERSION = YES;
				CLANG_WARN_OBJC_ROOT_CLASS = YES_ERROR;
				CLANG_WARN_QUOTED_INCLUDE_IN_FRAMEWORK_HEADER = YES;
				CLANG_WARN_RANGE_LOOP_ANALYSIS = YES;
				CLANG_WARN_STRICT_PROTOTYPES = YES;
				CLANG_WARN_SUSPICIOUS_MOVE = YES;
				CLANG_WARN_UNGUARDED_AVAILABILITY = YES_AGGRESSIVE;
				CLANG_WARN_UNREACHABLE_CODE = YES;
				CLANG_WARN__DUPLICATE_METHOD_MATCH = YES;
				COPY_PHASE_STRIP = NO;
				DEBUG_INFORMATION_FORMAT = dwarf;
				ENABLE_STRICT_OBJC_MSGSEND = YES;
				ENABLE_TESTABILITY = YES;
				ENABLE_USER_SCRIPT_SANDBOXING = YES;
				GCC_C_LANGUAGE_STANDARD = gnu17;
				GCC_DYNAMIC_NO_PIC = NO;
				GCC_NO_COMMON_BLOCKS = YES;
				GCC_OPTIMIZATION_LEVEL = 0;
				GCC_PREPROCESSOR_DEFINITIONS = (
					"DEBUG=1",
					"$(inherited)",
				);
				GCC_WARN_64_TO_32_BIT_CONVERSION = YES;
				GCC_WARN_ABOUT_RETURN_TYPE = YES_ERROR;
				GCC_WARN_UNDECLARED_SELECTOR = YES;
				GCC_WARN_UNINITIALIZED_AUTOS = YES_AGGRESSIVE;
				GCC_WARN_UNUSED_FUNCTION = YES;
				GCC_WARN_UNUSED_VARIABLE = YES;
				IPHONEOS_DEPLOYMENT_TARGET = 17.0;
				LOCALIZATION_PREFERS_STRING_CATALOGS = YES;
				MTL_ENABLE_DEBUG_INFO = INCLUDE_SOURCE;
				MTL_FAST_MATH = YES;
				ONLY_ACTIVE_ARCH = YES;
				SDKROOT = iphoneos;
				SWIFT_ACTIVE_COMPILATION_CONDITIONS = "DEBUG $(inherited)";
				SWIFT_OPTIMIZATION_LEVEL = "-Onone";
			};
			name = Debug;
		};
		3B1890DB2B888C35005D3FE9 /* Release */ = {
			isa = XCBuildConfiguration;
			buildSettings = {
				ALWAYS_SEARCH_USER_PATHS = NO;
				ASSETCATALOG_COMPILER_GENERATE_SWIFT_ASSET_SYMBOL_EXTENSIONS = YES;
				CLANG_ANALYZER_NONNULL = YES;
				CLANG_ANALYZER_NUMBER_OBJECT_CONVERSION = YES_AGGRESSIVE;
				CLANG_CXX_LANGUAGE_STANDARD = "gnu++20";
				CLANG_ENABLE_MODULES = YES;
				CLANG_ENABLE_OBJC_ARC = YES;
				CLANG_ENABLE_OBJC_WEAK = YES;
				CLANG_WARN_BLOCK_CAPTURE_AUTORELEASING = YES;
				CLANG_WARN_BOOL_CONVERSION = YES;
				CLANG_WARN_COMMA = YES;
				CLANG_WARN_CONSTANT_CONVERSION = YES;
				CLANG_WARN_DEPRECATED_OBJC_IMPLEMENTATIONS = YES;
				CLANG_WARN_DIRECT_OBJC_ISA_USAGE = YES_ERROR;
				CLANG_WARN_DOCUMENTATION_COMMENTS = YES;
				CLANG_WARN_EMPTY_BODY = YES;
				CLANG_WARN_ENUM_CONVERSION = YES;
				CLANG_WARN_INFINITE_RECURSION = YES;
				CLANG_WARN_INT_CONVERSION = YES;
				CLANG_WARN_NON_LITERAL_NULL_CONVERSION = YES;
				CLANG_WARN_OBJC_IMPLICIT_RETAIN_SELF = YES;
				CLANG_WARN_OBJC_LITERAL_CONVERSION = YES;
				CLANG_WARN_OBJC_ROOT_CLASS = YES_ERROR;
				CLANG_WARN_QUOTED_INCLUDE_IN_FRAMEWORK_HEADER = YES;
				CLANG_WARN_RANGE_LOOP_ANALYSIS = YES;
				CLANG_WARN_STRICT_PROTOTYPES = YES;
				CLANG_WARN_SUSPICIOUS_MOVE = YES;
				CLANG_WARN_UNGUARDED_AVAILABILITY = YES_AGGRESSIVE;
				CLANG_WARN_UNREACHABLE_CODE = YES;
				CLANG_WARN__DUPLICATE_METHOD_MATCH = YES;
				COPY_PHASE_STRIP = NO;
				DEBUG_INFORMATION_FORMAT = "dwarf-with-dsym";
				ENABLE_NS_ASSERTIONS = NO;
				ENABLE_STRICT_OBJC_MSGSEND = YES;
				ENABLE_USER_SCRIPT_SANDBOXING = YES;
				GCC_C_LANGUAGE_STANDARD = gnu17;
				GCC_NO_COMMON_BLOCKS = YES;
				GCC_WARN_64_TO_32_BIT_CONVERSION = YES;
				GCC_WARN_ABOUT_RETURN_TYPE = YES_ERROR;
				GCC_WARN_UNDECLARED_SELECTOR = YES;
				GCC_WARN_UNINITIALIZED_AUTOS = YES_AGGRESSIVE;
				GCC_WARN_UNUSED_FUNCTION = YES;
				GCC_WARN_UNUSED_VARIABLE = YES;
				IPHONEOS_DEPLOYMENT_TARGET = 17.0;
				LOCALIZATION_PREFERS_STRING_CATALOGS = YES;
				MTL_ENABLE_DEBUG_INFO = NO;
				MTL_FAST_MATH = YES;
				SDKROOT = iphoneos;
				SWIFT_COMPILATION_MODE = wholemodule;
				VALIDATE_PRODUCT = YES;
			};
			name = Release;
		};
		3B1890DD2B888C35005D3FE9 /* Debug */ = {
			isa = XCBuildConfiguration;
			baseConfigurationReference = FA964F58498B4808545C3814 /* Pods-firebase-tes1109.debug.xcconfig */;
			buildSettings = {
				ASSETCATALOG_COMPILER_APPICON_NAME = AppIcon;
				ASSETCATALOG_COMPILER_GLOBAL_ACCENT_COLOR_NAME = AccentColor;
				CODE_SIGN_STYLE = Automatic;
				CURRENT_PROJECT_VERSION = 1;
				DEVELOPMENT_ASSET_PATHS = "\"firebase-tes1109/Preview Content\"";
				DEVELOPMENT_TEAM = 922N7TF68N;
				ENABLE_PREVIEWS = YES;
				ENABLE_USER_SCRIPT_SANDBOXING = NO;
				GENERATE_INFOPLIST_FILE = YES;
				INFOPLIST_KEY_UIApplicationSceneManifest_Generation = YES;
				INFOPLIST_KEY_UIApplicationSupportsIndirectInputEvents = YES;
				INFOPLIST_KEY_UILaunchScreen_Generation = YES;
				INFOPLIST_KEY_UISupportedInterfaceOrientations_iPad = "UIInterfaceOrientationPortrait UIInterfaceOrientationPortraitUpsideDown UIInterfaceOrientationLandscapeLeft UIInterfaceOrientationLandscapeRight";
				INFOPLIST_KEY_UISupportedInterfaceOrientations_iPhone = "UIInterfaceOrientationPortrait UIInterfaceOrientationLandscapeLeft UIInterfaceOrientationLandscapeRight";
				LD_RUNPATH_SEARCH_PATHS = (
					"$(inherited)",
					"@executable_path/Frameworks",
				);
				MARKETING_VERSION = 1.0;
				PRODUCT_BUNDLE_IDENTIFIER = "com.eri.firebase-test";
				PRODUCT_NAME = "$(TARGET_NAME)";
				SWIFT_EMIT_LOC_STRINGS = YES;
				SWIFT_VERSION = 5.0;
				TARGETED_DEVICE_FAMILY = "1,2";
			};
			name = Debug;
		};
		3B1890DE2B888C35005D3FE9 /* Release */ = {
			isa = XCBuildConfiguration;
			baseConfigurationReference = 9C25932F1B667C27A8457D32 /* Pods-firebase-tes1109.release.xcconfig */;
			buildSettings = {
				ASSETCATALOG_COMPILER_APPICON_NAME = AppIcon;
				ASSETCATALOG_COMPILER_GLOBAL_ACCENT_COLOR_NAME = AccentColor;
				CODE_SIGN_STYLE = Automatic;
				CURRENT_PROJECT_VERSION = 1;
				DEVELOPMENT_ASSET_PATHS = "\"firebase-tes1109/Preview Content\"";
				DEVELOPMENT_TEAM = 922N7TF68N;
				ENABLE_PREVIEWS = YES;
				ENABLE_USER_SCRIPT_SANDBOXING = NO;
				GENERATE_INFOPLIST_FILE = YES;
				INFOPLIST_KEY_UIApplicationSceneManifest_Generation = YES;
				INFOPLIST_KEY_UIApplicationSupportsIndirectInputEvents = YES;
				INFOPLIST_KEY_UILaunchScreen_Generation = YES;
				INFOPLIST_KEY_UISupportedInterfaceOrientations_iPad = "UIInterfaceOrientationPortrait UIInterfaceOrientationPortraitUpsideDown UIInterfaceOrientationLandscapeLeft UIInterfaceOrientationLandscapeRight";
				INFOPLIST_KEY_UISupportedInterfaceOrientations_iPhone = "UIInterfaceOrientationPortrait UIInterfaceOrientationLandscapeLeft UIInterfaceOrientationLandscapeRight";
				LD_RUNPATH_SEARCH_PATHS = (
					"$(inherited)",
					"@executable_path/Frameworks",
				);
				MARKETING_VERSION = 1.0;
				PRODUCT_BUNDLE_IDENTIFIER = "com.eri.firebase-test";
				PRODUCT_NAME = "$(TARGET_NAME)";
				SWIFT_EMIT_LOC_STRINGS = YES;
				SWIFT_VERSION = 5.0;
				TARGETED_DEVICE_FAMILY = "1,2";
			};
			name = Release;
		};
/* End XCBuildConfiguration section */

/* Begin XCConfigurationList section */
		3B1890C92B888C34005D3FE9 /* Build configuration list for PBXProject "firebase-tes1109" */ = {
			isa = XCConfigurationList;
			buildConfigurations = (
				3B1890DA2B888C35005D3FE9 /* Debug */,
				3B1890DB2B888C35005D3FE9 /* Release */,
			);
			defaultConfigurationIsVisible = 0;
			defaultConfigurationName = Release;
		};
		3B1890DC2B888C35005D3FE9 /* Build configuration list for PBXNativeTarget "firebase-tes1109" */ = {
			isa = XCConfigurationList;
			buildConfigurations = (
				3B1890DD2B888C35005D3FE9 /* Debug */,
				3B1890DE2B888C35005D3FE9 /* Release */,
			);
			defaultConfigurationIsVisible = 0;
			defaultConfigurationName = Release;
		};
/* End XCConfigurationList section */
	};
	rootObject = 3B1890C62B888C34005D3FE9 /* Project object */;
}
